
Microsoft Visual Studio Solution File, Format Version 12.00
# Visual Studio Version 16
VisualStudioVersion = 16.0.34601.136
MinimumVisualStudioVersion = 10.0.40219.1
Project("{FAE04EC0-301F-11D3-BF4B-00C04F79EFBC}") = "fido2prj", "fido2prj\fido2prj.csproj", "{10ED81E8-15C8-41C0-A47B-80B9D0C50C02}"
EndProject
Project("{FAE04EC0-301F-11D3-BF4B-00C04F79EFBC}") = "Fido2Net", "Fido2Net\Fido2Net.csproj", "{577438BB-E321-4F7C-9CA0-82AD5DC2F291}"
EndProject
Global
	GlobalSection(SolutionConfigurationPlatforms) = preSolution
		Debug|Any CPU = Debug|Any CPU
		Release|Any CPU = Release|Any CPU
	EndGlobalSection
	GlobalSection(ProjectConfigurationPlatforms) = postSolution
		{10ED81E8-15C8-41C0-A47B-80B9D0C50C02}.Debug|Any CPU.ActiveCfg = Debug|Any CPU
		{10ED81E8-15C8-41C0-A47B-80B9D0C50C02}.Debug|Any CPU.Build.0 = Debug|Any CPU
		{10ED81E8-15C8-41C0-A47B-80B9D0C50C02}.Release|Any CPU.ActiveCfg = Release|Any CPU
		{10ED81E8-15C8-41C0-A47B-80B9D0C50C02}.Release|Any CPU.Build.0 = Release|Any CPU
		{577438BB-E321-4F7C-9CA0-82AD5DC2F291}.Debug|Any CPU.ActiveCfg = Debug|Any CPU
		{577438BB-E321-4F7C-9CA0-82AD5DC2F291}.Debug|Any CPU.Build.0 = Debug|Any CPU
		{577438BB-E321-4F7C-9CA0-82AD5DC2F291}.Release|Any CPU.ActiveCfg = Release|Any CPU
		{577438BB-E321-4F7C-9CA0-82AD5DC2F291}.Release|Any CPU.Build.0 = Release|Any CPU
	EndGlobalSection
	GlobalSection(SolutionProperties) = preSolution
		HideSolutionNode = FALSE
	EndGlobalSection
	GlobalSection(ExtensibilityGlobals) = postSolution
		SolutionGuid = {9D4B464C-47C7-408A-9884-9B9B94E7CACC}
	EndGlobalSection
EndGlobal
